
Microsoft Visual Studio Solution File, Format Version 12.00
# Visual Studio Version 16
VisualStudioVersion = 16.0.32106.194
MinimumVisualStudioVersion = 10.0.40219.1
Project("{9A19103F-16F7-4668-BE54-9A1E7A4F7556}") = "WordOfTheDay.AnaliticsMicroservice.Api", "WordOfTheDay.AnaliticsMicroservice.Api\WordOfTheDay.AnaliticsMicroservice.Api.csproj", "{86EB8045-8DD6-4B9A-BB4D-710AF0AB54D1}"
	ProjectSection(ProjectDependencies) = postProject
		{023C54E1-872F-4839-A688-CB03DF5CBE9C} = {023C54E1-872F-4839-A688-CB03DF5CBE9C}
	EndProjectSection
EndProject
Project("{9A19103F-16F7-4668-BE54-9A1E7A4F7556}") = "WordOfTheDay.AnaliticsMicroservice.Repository", "WordOfTheDay.AnaliticsMicroservice.Repository\WordOfTheDay.AnaliticsMicroservice.Repository.csproj", "{023C54E1-872F-4839-A688-CB03DF5CBE9C}"
	ProjectSection(ProjectDependencies) = postProject
		{3E16E197-4899-4E1B-8028-83315FC372AF} = {3E16E197-4899-4E1B-8028-83315FC372AF}
	EndProjectSection
EndProject
Project("{9A19103F-16F7-4668-BE54-9A1E7A4F7556}") = "SharedModelsLibrary", "..\WordOfTheDayApp\SharedModelsLibrary\SharedModelsLibrary.csproj", "{3E16E197-4899-4E1B-8028-83315FC372AF}"
EndProject
Global
	GlobalSection(SolutionConfigurationPlatforms) = preSolution
		Debug|Any CPU = Debug|Any CPU
		Release|Any CPU = Release|Any CPU
	EndGlobalSection
	GlobalSection(ProjectConfigurationPlatforms) = postSolution
		{86EB8045-8DD6-4B9A-BB4D-710AF0AB54D1}.Debug|Any CPU.ActiveCfg = Debug|Any CPU
		{86EB8045-8DD6-4B9A-BB4D-710AF0AB54D1}.Debug|Any CPU.Build.0 = Debug|Any CPU
		{86EB8045-8DD6-4B9A-BB4D-710AF0AB54D1}.Release|Any CPU.ActiveCfg = Release|Any CPU
		{86EB8045-8DD6-4B9A-BB4D-710AF0AB54D1}.Release|Any CPU.Build.0 = Release|Any CPU
		{023C54E1-872F-4839-A688-CB03DF5CBE9C}.Debug|Any CPU.ActiveCfg = Debug|Any CPU
		{023C54E1-872F-4839-A688-CB03DF5CBE9C}.Debug|Any CPU.Build.0 = Debug|Any CPU
		{023C54E1-872F-4839-A688-CB03DF5CBE9C}.Release|Any CPU.ActiveCfg = Release|Any CPU
		{023C54E1-872F-4839-A688-CB03DF5CBE9C}.Release|Any CPU.Build.0 = Release|Any CPU
		{3E16E197-4899-4E1B-8028-83315FC372AF}.Debug|Any CPU.ActiveCfg = Debug|Any CPU
		{3E16E197-4899-4E1B-8028-83315FC372AF}.Debug|Any CPU.Build.0 = Debug|Any CPU
		{3E16E197-4899-4E1B-8028-83315FC372AF}.Release|Any CPU.ActiveCfg = Release|Any CPU
		{3E16E197-4899-4E1B-8028-83315FC372AF}.Release|Any CPU.Build.0 = Release|Any CPU
	EndGlobalSection
	GlobalSection(SolutionProperties) = preSolution
		HideSolutionNode = FALSE
	EndGlobalSection
	GlobalSection(ExtensibilityGlobals) = postSolution
		SolutionGuid = {354133C8-4702-4DEE-9571-51213BFB46A2}
	EndGlobalSection
EndGlobal
